// !$*UTF8*$!
{
	archiveVersion = 1;
	classes = {
	};
	objectVersion = 50;
	objects = {

/* Begin PBXBuildFile section */
		48505B0D21F84703000FFA5F /* AppDelegate.swift in Sources */ = {isa = PBXBuildFile; fileRef = 48505B0C21F84703000FFA5F /* AppDelegate.swift */; };
		48505B0F21F84703000FFA5F /* ViewController.swift in Sources */ = {isa = PBXBuildFile; fileRef = 48505B0E21F84703000FFA5F /* ViewController.swift */; };
		48505B1221F84703000FFA5F /* Main.storyboard in Resources */ = {isa = PBXBuildFile; fileRef = 48505B1021F84703000FFA5F /* Main.storyboard */; };
		48505B1421F84704000FFA5F /* Assets.xcassets in Resources */ = {isa = PBXBuildFile; fileRef = 48505B1321F84704000FFA5F /* Assets.xcassets */; };
		48505B1721F84704000FFA5F /* LaunchScreen.storyboard in Resources */ = {isa = PBXBuildFile; fileRef = 48505B1521F84704000FFA5F /* LaunchScreen.storyboard */; };
		48505B2221F84704000FFA5F /* CalculatorDemo1Tests.swift in Sources */ = {isa = PBXBuildFile; fileRef = 48505B2121F84704000FFA5F /* CalculatorDemo1Tests.swift */; };
		48505B2D21F84704000FFA5F /* CalculatorDemo1UITests.swift in Sources */ = {isa = PBXBuildFile; fileRef = 48505B2C21F84704000FFA5F /* CalculatorDemo1UITests.swift */; };
/* End PBXBuildFile section */

/* Begin PBXContainerItemProxy section */
		48505B1E21F84704000FFA5F /* PBXContainerItemProxy */ = {
			isa = PBXContainerItemProxy;
			containerPortal = 48505B0121F84703000FFA5F /* Project object */;
			proxyType = 1;
			remoteGlobalIDString = 48505B0821F84703000FFA5F;
			remoteInfo = CalculatorDemo1;
		};
		48505B2921F84704000FFA5F /* PBXContainerItemProxy */ = {
			isa = PBXContainerItemProxy;
			containerPortal = 48505B0121F84703000FFA5F /* Project object */;
			proxyType = 1;
			remoteGlobalIDString = 48505B0821F84703000FFA5F;
			remoteInfo = CalculatorDemo1;
		};
/* End PBXContainerItemProxy section */

/* Begin PBXFileReference section */
		48505B0921F84703000FFA5F /* CalculatorDemo1.app */ = {isa = PBXFileReference; explicitFileType = wrapper.application; includeInIndex = 0; path = CalculatorDemo1.app; sourceTree = BUILT_PRODUCTS_DIR; };
		48505B0C21F84703000FFA5F /* AppDelegate.swift */ = {isa = PBXFileReference; lastKnownFileType = sourcecode.swift; path = AppDelegate.swift; sourceTree = "<group>"; };
		48505B0E21F84703000FFA5F /* ViewController.swift */ = {isa = PBXFileReference; lastKnownFileType = sourcecode.swift; path = ViewController.swift; sourceTree = "<group>"; };
		48505B1121F84703000FFA5F /* Base */ = {isa = PBXFileReference; lastKnownFileType = file.storyboard; name = Base; path = Base.lproj/Main.storyboard; sourceTree = "<group>"; };
		48505B1321F84704000FFA5F /* Assets.xcassets */ = {isa = PBXFileReference; lastKnownFileType = folder.assetcatalog; path = Assets.xcassets; sourceTree = "<group>"; };
		48505B1621F84704000FFA5F /* Base */ = {isa = PBXFileReference; lastKnownFileType = file.storyboard; name = Base; path = Base.lproj/LaunchScreen.storyboard; sourceTree = "<group>"; };
		48505B1821F84704000FFA5F /* Info.plist */ = {isa = PBXFileReference; lastKnownFileType = text.plist.xml; path = Info.plist; sourceTree = "<group>"; };
		48505B1D21F84704000FFA5F /* CalculatorDemo1Tests.xctest */ = {isa = PBXFileReference; explicitFileType = wrapper.cfbundle; includeInIndex = 0; path = CalculatorDemo1Tests.xctest; sourceTree = BUILT_PRODUCTS_DIR; };
		48505B2121F84704000FFA5F /* CalculatorDemo1Tests.swift */ = {isa = PBXFileReference; lastKnownFileType = sourcecode.swift; path = CalculatorDemo1Tests.swift; sourceTree = "<group>"; };
		48505B2321F84704000FFA5F /* Info.plist */ = {isa = PBXFileReference; lastKnownFileType = text.plist.xml; path = Info.plist; sourceTree = "<group>"; };
		48505B2821F84704000FFA5F /* CalculatorDemo1UITests.xctest */ = {isa = PBXFileReference; explicitFileType = wrapper.cfbundle; includeInIndex = 0; path = CalculatorDemo1UITests.xctest; sourceTree = BUILT_PRODUCTS_DIR; };
		48505B2C21F84704000FFA5F /* CalculatorDemo1UITests.swift */ = {isa = PBXFileReference; lastKnownFileType = sourcecode.swift; path = CalculatorDemo1UITests.swift; sourceTree = "<group>"; };
		48505B2E21F84704000FFA5F /* Info.plist */ = {isa = PBXFileReference; lastKnownFileType = text.plist.xml; path = Info.plist; sourceTree = "<group>"; };
/* End PBXFileReference section */

/* Begin PBXFrameworksBuildPhase section */
		48505B0621F84703000FFA5F /* Frameworks */ = {
			isa = PBXFrameworksBuildPhase;
			buildActionMask = 2147483647;
			files = (
			);
			runOnlyForDeploymentPostprocessing = 0;
		};
		48505B1A21F84704000FFA5F /* Frameworks */ = {
			isa = PBXFrameworksBuildPhase;
			buildActionMask = 2147483647;
			files = (
			);
			runOnlyForDeploymentPostprocessing = 0;
		};
		48505B2521F84704000FFA5F /* Frameworks */ = {
			isa = PBXFrameworksBuildPhase;
			buildActionMask = 2147483647;
			files = (
			);
			runOnlyForDeploymentPostprocessing = 0;
		};
/* End PBXFrameworksBuildPhase section */

/* Begin PBXGroup section */
		48505B0021F84703000FFA5F = {
			isa = PBXGroup;
			children = (
				48505B0B21F84703000FFA5F /* CalculatorDemo1 */,
				48505B2021F84704000FFA5F /* CalculatorDemo1Tests */,
				48505B2B21F84704000FFA5F /* CalculatorDemo1UITests */,
				48505B0A21F84703000FFA5F /* Products */,
			);
			sourceTree = "<group>";
		};
		48505B0A21F84703000FFA5F /* Products */ = {
			isa = PBXGroup;
			children = (
				48505B0921F84703000FFA5F /* CalculatorDemo1.app */,
				48505B1D21F84704000FFA5F /* CalculatorDemo1Tests.xctest */,
				48505B2821F84704000FFA5F /* CalculatorDemo1UITests.xctest */,
			);
			name = Products;
			sourceTree = "<group>";
		};
		48505B0B21F84703000FFA5F /* CalculatorDemo1 */ = {
			isa = PBXGroup;
			children = (
				48505B0C21F84703000FFA5F /* AppDelegate.swift */,
				48505B0E21F84703000FFA5F /* ViewController.swift */,
				48505B1021F84703000FFA5F /* Main.storyboard */,
				48505B1321F84704000FFA5F /* Assets.xcassets */,
				48505B1521F84704000FFA5F /* LaunchScreen.storyboard */,
				48505B1821F84704000FFA5F /* Info.plist */,
			);
			path = CalculatorDemo1;
			sourceTree = "<group>";
		};
		48505B2021F84704000FFA5F /* CalculatorDemo1Tests */ = {
			isa = PBXGroup;
			children = (
				48505B2121F84704000FFA5F /* CalculatorDemo1Tests.swift */,
				48505B2321F84704000FFA5F /* Info.plist */,
			);
			path = CalculatorDemo1Tests;
			sourceTree = "<group>";
		};
		48505B2B21F84704000FFA5F /* CalculatorDemo1UITests */ = {
			isa = PBXGroup;
			children = (
				48505B2C21F84704000FFA5F /* CalculatorDemo1UITests.swift */,
				48505B2E21F84704000FFA5F /* Info.plist */,
			);
			path = CalculatorDemo1UITests;
			sourceTree = "<group>";
		};
/* End PBXGroup section */

/* Begin PBXNativeTarget section */
		48505B0821F84703000FFA5F /* CalculatorDemo1 */ = {
			isa = PBXNativeTarget;
			buildConfigurationList = 48505B3121F84704000FFA5F /* Build configuration list for PBXNativeTarget "CalculatorDemo1" */;
			buildPhases = (
				48505B0521F84703000FFA5F /* Sources */,
				48505B0621F84703000FFA5F /* Frameworks */,
				48505B0721F84703000FFA5F /* Resources */,
			);
			buildRules = (
			);
			dependencies = (
			);
			name = CalculatorDemo1;
			productName = CalculatorDemo1;
			productReference = 48505B0921F84703000FFA5F /* CalculatorDemo1.app */;
			productType = "com.apple.product-type.application";
		};
		48505B1C21F84704000FFA5F /* CalculatorDemo1Tests */ = {
			isa = PBXNativeTarget;
			buildConfigurationList = 48505B3421F84704000FFA5F /* Build configuration list for PBXNativeTarget "CalculatorDemo1Tests" */;
			buildPhases = (
				48505B1921F84704000FFA5F /* Sources */,
				48505B1A21F84704000FFA5F /* Frameworks */,
				48505B1B21F84704000FFA5F /* Resources */,
			);
			buildRules = (
			);
			dependencies = (
				48505B1F21F84704000FFA5F /* PBXTargetDependency */,
			);
			name = CalculatorDemo1Tests;
			productName = CalculatorDemo1Tests;
			productReference = 48505B1D21F84704000FFA5F /* CalculatorDemo1Tests.xctest */;
			productType = "com.apple.product-type.bundle.unit-test";
		};
		48505B2721F84704000FFA5F /* CalculatorDemo1UITests */ = {
			isa = PBXNativeTarget;
			buildConfigurationList = 48505B3721F84704000FFA5F /* Build configuration list for PBXNativeTarget "CalculatorDemo1UITests" */;
			buildPhases = (
				48505B2421F84704000FFA5F /* Sources */,
				48505B2521F84704000FFA5F /* Frameworks */,
				48505B2621F84704000FFA5F /* Resources */,
			);
			buildRules = (
			);
			dependencies = (
				48505B2A21F84704000FFA5F /* PBXTargetDependency */,
			);
			name = CalculatorDemo1UITests;
			productName = CalculatorDemo1UITests;
			productReference = 48505B2821F84704000FFA5F /* CalculatorDemo1UITests.xctest */;
			productType = "com.apple.product-type.bundle.ui-testing";
		};
/* End PBXNativeTarget section */

/* Begin PBXProject section */
		48505B0121F84703000FFA5F /* Project object */ = {
			isa = PBXProject;
			attributes = {
				LastSwiftUpdateCheck = 1010;
				LastUpgradeCheck = 1010;
				ORGANIZATIONNAME = KimsStudio;
				TargetAttributes = {
					48505B0821F84703000FFA5F = {
						CreatedOnToolsVersion = 10.1;
					};
					48505B1C21F84704000FFA5F = {
						CreatedOnToolsVersion = 10.1;
						TestTargetID = 48505B0821F84703000FFA5F;
					};
					48505B2721F84704000FFA5F = {
						CreatedOnToolsVersion = 10.1;
						TestTargetID = 48505B0821F84703000FFA5F;
					};
				};
			};
			buildConfigurationList = 48505B0421F84703000FFA5F /* Build configuration list for PBXProject "CalculatorDemo1" */;
			compatibilityVersion = "Xcode 9.3";
			developmentRegion = en;
			hasScannedForEncodings = 0;
			knownRegions = (
				en,
				Base,
			);
			mainGroup = 48505B0021F84703000FFA5F;
			productRefGroup = 48505B0A21F84703000FFA5F /* Products */;
			projectDirPath = "";
			projectRoot = "";
			targets = (
				48505B0821F84703000FFA5F /* CalculatorDemo1 */,
				48505B1C21F84704000FFA5F /* CalculatorDemo1Tests */,
				48505B2721F84704000FFA5F /* CalculatorDemo1UITests */,
			);
		};
/* End PBXProject section */

/* Begin PBXResourcesBuildPhase section */
		48505B0721F84703000FFA5F /* Resources */ = {
			isa = PBXResourcesBuildPhase;
			buildActionMask = 2147483647;
			files = (
				48505B1721F84704000FFA5F /* LaunchScreen.storyboard in Resources */,
				48505B1421F84704000FFA5F /* Assets.xcassets in Resources */,
				48505B1221F84703000FFA5F /* Main.storyboard in Resources */,
			);
			runOnlyForDeploymentPostprocessing = 0;
		};
		48505B1B21F84704000FFA5F /* Resources */ = {
			isa = PBXResourcesBuildPhase;
			buildActionMask = 2147483647;
			files = (
			);
			runOnlyForDeploymentPostprocessing = 0;
		};
		48505B2621F84704000FFA5F /* Resources */ = {
			isa = PBXResourcesBuildPhase;
			buildActionMask = 2147483647;
			files = (
			);
			runOnlyForDeploymentPostprocessing = 0;
		};
/* End PBXResourcesBuildPhase section */

/* Begin PBXSourcesBuildPhase section */
		48505B0521F84703000FFA5F /* Sources */ = {
			isa = PBXSourcesBuildPhase;
			buildActionMask = 2147483647;
			files = (
				48505B0F21F84703000FFA5F /* ViewController.swift in Sources */,
				48505B0D21F84703000FFA5F /* AppDelegate.swift in Sources */,
			);
			runOnlyForDeploymentPostprocessing = 0;
		};
		48505B1921F84704000FFA5F /* Sources */ = {
			isa = PBXSourcesBuildPhase;
			buildActionMask = 2147483647;
			files = (
				48505B2221F84704000FFA5F /* CalculatorDemo1Tests.swift in Sources */,
			);
			runOnlyForDeploymentPostprocessing = 0;
		};
		48505B2421F84704000FFA5F /* Sources */ = {
			isa = PBXSourcesBuildPhase;
			buildActionMask = 2147483647;
			files = (
				48505B2D21F84704000FFA5F /* CalculatorDemo1UITests.swift in Sources */,
			);
			runOnlyForDeploymentPostprocessing = 0;
		};
/* End PBXSourcesBuildPhase section */

/* Begin PBXTargetDependency section */
		48505B1F21F84704000FFA5F /* PBXTargetDependency */ = {
			isa = PBXTargetDependency;
			target = 48505B0821F84703000FFA5F /* CalculatorDemo1 */;
			targetProxy = 48505B1E21F84704000FFA5F /* PBXContainerItemProxy */;
		};
		48505B2A21F84704000FFA5F /* PBXTargetDependency */ = {
			isa = PBXTargetDependency;
			target = 48505B0821F84703000FFA5F /* CalculatorDemo1 */;
			targetProxy = 48505B2921F84704000FFA5F /* PBXContainerItemProxy */;
		};
/* End PBXTargetDependency section */

/* Begin PBXVariantGroup section */
		48505B1021F84703000FFA5F /* Main.storyboard */ = {
			isa = PBXVariantGroup;
			children = (
				48505B1121F84703000FFA5F /* Base */,
			);
			name = Main.storyboard;
			sourceTree = "<group>";
		};
		48505B1521F84704000FFA5F /* LaunchScreen.storyboard */ = {
			isa = PBXVariantGroup;
			children = (
				48505B1621F84704000FFA5F /* Base */,
			);
			name = LaunchScreen.storyboard;
			sourceTree = "<group>";
		};
/* End PBXVariantGroup section */

/* Begin XCBuildConfiguration section */
		48505B2F21F84704000FFA5F /* Debug */ = {
			isa = XCBuildConfiguration;
			buildSettings = {
				ALWAYS_SEARCH_USER_PATHS = NO;
				CLANG_ANALYZER_NONNULL = YES;
				CLANG_ANALYZER_NUMBER_OBJECT_CONVERSION = YES_AGGRESSIVE;
				CLANG_CXX_LANGUAGE_STANDARD = "gnu++14";
				CLANG_CXX_LIBRARY = "libc++";
				CLANG_ENABLE_MODULES = YES;
				CLANG_ENABLE_OBJC_ARC = YES;
				CLANG_ENABLE_OBJC_WEAK = YES;
				CLANG_WARN_BLOCK_CAPTURE_AUTORELEASING = YES;
				CLANG_WARN_BOOL_CONVERSION = YES;
				CLANG_WARN_COMMA = YES;
				CLANG_WARN_CONSTANT_CONVERSION = YES;
				CLANG_WARN_DEPRECATED_OBJC_IMPLEMENTATIONS = YES;
				CLANG_WARN_DIRECT_OBJC_ISA_USAGE = YES_ERROR;
				CLANG_WARN_DOCUMENTATION_COMMENTS = YES;
				CLANG_WARN_EMPTY_BODY = YES;
				CLANG_WARN_ENUM_CONVERSION = YES;
				CLANG_WARN_INFINITE_RECURSION = YES;
				CLANG_WARN_INT_CONVERSION = YES;
				CLANG_WARN_NON_LITERAL_NULL_CONVERSION = YES;
				CLANG_WARN_OBJC_IMPLICIT_RETAIN_SELF = YES;
				CLANG_WARN_OBJC_LITERAL_CONVERSION = YES;
				CLANG_WARN_OBJC_ROOT_CLASS = YES_ERROR;
				CLANG_WARN_RANGE_LOOP_ANALYSIS = YES;
				CLANG_WARN_STRICT_PROTOTYPES = YES;
				CLANG_WARN_SUSPICIOUS_MOVE = YES;
				CLANG_WARN_UNGUARDED_AVAILABILITY = YES_AGGRESSIVE;
				CLANG_WARN_UNREACHABLE_CODE = YES;
				CLANG_WARN__DUPLICATE_METHOD_MATCH = YES;
				CODE_SIGN_IDENTITY = "iPhone Developer";
				COPY_PHASE_STRIP = NO;
				DEBUG_INFORMATION_FORMAT = dwarf;
				ENABLE_STRICT_OBJC_MSGSEND = YES;
				ENABLE_TESTABILITY = YES;
				GCC_C_LANGUAGE_STANDARD = gnu11;
				GCC_DYNAMIC_NO_PIC = NO;
				GCC_NO_COMMON_BLOCKS = YES;
				GCC_OPTIMIZATION_LEVEL = 0;
				GCC_PREPROCESSOR_DEFINITIONS = (
					"DEBUG=1",
					"$(inherited)",
				);
				GCC_WARN_64_TO_32_BIT_CONVERSION = YES;
				GCC_WARN_ABOUT_RETURN_TYPE = YES_ERROR;
				GCC_WARN_UNDECLARED_SELECTOR = YES;
				GCC_WARN_UNINITIALIZED_AUTOS = YES_AGGRESSIVE;
				GCC_WARN_UNUSED_FUNCTION = YES;
				GCC_WARN_UNUSED_VARIABLE = YES;
				IPHONEOS_DEPLOYMENT_TARGET = 12.1;
				MTL_ENABLE_DEBUG_INFO = INCLUDE_SOURCE;
				MTL_FAST_MATH = YES;
				ONLY_ACTIVE_ARCH = YES;
				SDKROOT = iphoneos;
				SWIFT_ACTIVE_COMPILATION_CONDITIONS = DEBUG;
				SWIFT_OPTIMIZATION_LEVEL = "-Onone";
			};
			name = Debug;
		};
		48505B3021F84704000FFA5F /* Release */ = {
			isa = XCBuildConfiguration;
			buildSettings = {
				ALWAYS_SEARCH_USER_PATHS = NO;
				CLANG_ANALYZER_NONNULL = YES;
				CLANG_ANALYZER_NUMBER_OBJECT_CONVERSION = YES_AGGRESSIVE;
				CLANG_CXX_LANGUAGE_STANDARD = "gnu++14";
				CLANG_CXX_LIBRARY = "libc++";
				CLANG_ENABLE_MODULES = YES;
				CLANG_ENABLE_OBJC_ARC = YES;
				CLANG_ENABLE_OBJC_WEAK = YES;
				CLANG_WARN_BLOCK_CAPTURE_AUTORELEASING = YES;
				CLANG_WARN_BOOL_CONVERSION = YES;
				CLANG_WARN_COMMA = YES;
				CLANG_WARN_CONSTANT_CONVERSION = YES;
				CLANG_WARN_DEPRECATED_OBJC_IMPLEMENTATIONS = YES;
				CLANG_WARN_DIRECT_OBJC_ISA_USAGE = YES_ERROR;
				CLANG_WARN_DOCUMENTATION_COMMENTS = YES;
				CLANG_WARN_EMPTY_BODY = YES;
				CLANG_WARN_ENUM_CONVERSION = YES;
				CLANG_WARN_INFINITE_RECURSION = YES;
				CLANG_WARN_INT_CONVERSION = YES;
				CLANG_WARN_NON_LITERAL_NULL_CONVERSION = YES;
				CLANG_WARN_OBJC_IMPLICIT_RETAIN_SELF = YES;
				CLANG_WARN_OBJC_LITERAL_CONVERSION = YES;
				CLANG_WARN_OBJC_ROOT_CLASS = YES_ERROR;
				CLANG_WARN_RANGE_LOOP_ANALYSIS = YES;
				CLANG_WARN_STRICT_PROTOTYPES = YES;
				CLANG_WARN_SUSPICIOUS_MOVE = YES;
				CLANG_WARN_UNGUARDED_AVAILABILITY = YES_AGGRESSIVE;
				CLANG_WARN_UNREACHABLE_CODE = YES;
				CLANG_WARN__DUPLICATE_METHOD_MATCH = YES;
				CODE_SIGN_IDENTITY = "iPhone Developer";
				COPY_PHASE_STRIP = NO;
				DEBUG_INFORMATION_FORMAT = "dwarf-with-dsym";
				ENABLE_NS_ASSERTIONS = NO;
				ENABLE_STRICT_OBJC_MSGSEND = YES;
				GCC_C_LANGUAGE_STANDARD = gnu11;
				GCC_NO_COMMON_BLOCKS = YES;
				GCC_WARN_64_TO_32_BIT_CONVERSION = YES;
				GCC_WARN_ABOUT_RETURN_TYPE = YES_ERROR;
				GCC_WARN_UNDECLARED_SELECTOR = YES;
				GCC_WARN_UNINITIALIZED_AUTOS = YES_AGGRESSIVE;
				GCC_WARN_UNUSED_FUNCTION = YES;
				GCC_WARN_UNUSED_VARIABLE = YES;
				IPHONEOS_DEPLOYMENT_TARGET = 12.1;
				MTL_ENABLE_DEBUG_INFO = NO;
				MTL_FAST_MATH = YES;
				SDKROOT = iphoneos;
				SWIFT_COMPILATION_MODE = wholemodule;
				SWIFT_OPTIMIZATION_LEVEL = "-O";
				VALIDATE_PRODUCT = YES;
			};
			name = Release;
		};
		48505B3221F84704000FFA5F /* Debug */ = {
			isa = XCBuildConfiguration;
			buildSettings = {
				ASSETCATALOG_COMPILER_APPICON_NAME = AppIcon;
				CODE_SIGN_STYLE = Automatic;
				DEVELOPMENT_TEAM = 67UX9QM6Z3;
				INFOPLIST_FILE = CalculatorDemo1/Info.plist;
				LD_RUNPATH_SEARCH_PATHS = (
					"$(inherited)",
					"@executable_path/Frameworks",
				);
				PRODUCT_BUNDLE_IDENTIFIER = com.KimsStudio.CalculatorDemo1;
				PRODUCT_NAME = "$(TARGET_NAME)";
				SWIFT_VERSION = 4.2;
				TARGETED_DEVICE_FAMILY = "1,2";
			};
			name = Debug;
		};
		48505B3321F84704000FFA5F /* Release */ = {
			isa = XCBuildConfiguration;
			buildSettings = {
				ASSETCATALOG_COMPILER_APPICON_NAME = AppIcon;
				CODE_SIGN_STYLE = Automatic;
				DEVELOPMENT_TEAM = 67UX9QM6Z3;
				INFOPLIST_FILE = CalculatorDemo1/Info.plist;
				LD_RUNPATH_SEARCH_PATHS = (
					"$(inherited)",
					"@executable_path/Frameworks",
				);
				PRODUCT_BUNDLE_IDENTIFIER = com.KimsStudio.CalculatorDemo1;
				PRODUCT_NAME = "$(TARGET_NAME)";
				SWIFT_VERSION = 4.2;
				TARGETED_DEVICE_FAMILY = "1,2";
			};
			name = Release;
		};
		48505B3521F84704000FFA5F /* Debug */ = {
			isa = XCBuildConfiguration;
			buildSettings = {
				ALWAYS_EMBED_SWIFT_STANDARD_LIBRARIES = YES;
				BUNDLE_LOADER = "$(TEST_HOST)";
				CODE_SIGN_STYLE = Automatic;
				DEVELOPMENT_TEAM = 67UX9QM6Z3;
				INFOPLIST_FILE = CalculatorDemo1Tests/Info.plist;
				LD_RUNPATH_SEARCH_PATHS = (
					"$(inherited)",
					"@executable_path/Frameworks",
					"@loader_path/Frameworks",
				);
				PRODUCT_BUNDLE_IDENTIFIER = com.KimsStudio.CalculatorDemo1Tests;
				PRODUCT_NAME = "$(TARGET_NAME)";
				SWIFT_VERSION = 4.2;
				TARGETED_DEVICE_FAMILY = "1,2";
				TEST_HOST = "$(BUILT_PRODUCTS_DIR)/CalculatorDemo1.app/CalculatorDemo1";
			};
			name = Debug;
		};
		48505B3621F84704000FFA5F /* Release */ = {
			isa = XCBuildConfiguration;
			buildSettings = {
				ALWAYS_EMBED_SWIFT_STANDARD_LIBRARIES = YES;
				BUNDLE_LOADER = "$(TEST_HOST)";
				CODE_SIGN_STYLE = Automatic;
				DEVELOPMENT_TEAM = 67UX9QM6Z3;
				INFOPLIST_FILE = CalculatorDemo1Tests/Info.plist;
				LD_RUNPATH_SEARCH_PATHS = (
					"$(inherited)",
					"@executable_path/Frameworks",
					"@loader_path/Frameworks",
				);
				PRODUCT_BUNDLE_IDENTIFIER = com.KimsStudio.CalculatorDemo1Tests;
				PRODUCT_NAME = "$(TARGET_NAME)";
				SWIFT_VERSION = 4.2;
				TARGETED_DEVICE_FAMILY = "1,2";
				TEST_HOST = "$(BUILT_PRODUCTS_DIR)/CalculatorDemo1.app/CalculatorDemo1";
			};
			name = Release;
		};
		48505B3821F84704000FFA5F /* Debug */ = {
			isa = XCBuildConfiguration;
			buildSettings = {
				ALWAYS_EMBED_SWIFT_STANDARD_LIBRARIES = YES;
				CODE_SIGN_STYLE = Automatic;
				DEVELOPMENT_TEAM = 67UX9QM6Z3;
				INFOPLIST_FILE = CalculatorDemo1UITests/Info.plist;
				LD_RUNPATH_SEARCH_PATHS = (
					"$(inherited)",
					"@executable_path/Frameworks",
					"@loader_path/Frameworks",
				);
				PRODUCT_BUNDLE_IDENTIFIER = com.KimsStudio.CalculatorDemo1UITests;
				PRODUCT_NAME = "$(TARGET_NAME)";
				SWIFT_VERSION = 4.2;
				TARGETED_DEVICE_FAMILY = "1,2";
				TEST_TARGET_NAME = CalculatorDemo1;
			};
			name = Debug;
		};
		48505B3921F84704000FFA5F /* Release */ = {
			isa = XCBuildConfiguration;
			buildSettings = {
				ALWAYS_EMBED_SWIFT_STANDARD_LIBRARIES = YES;
				CODE_SIGN_STYLE = Automatic;
				DEVELOPMENT_TEAM = 67UX9QM6Z3;
				INFOPLIST_FILE = CalculatorDemo1UITests/Info.plist;
				LD_RUNPATH_SEARCH_PATHS = (
					"$(inherited)",
					"@executable_path/Frameworks",
					"@loader_path/Frameworks",
				);
				PRODUCT_BUNDLE_IDENTIFIER = com.KimsStudio.CalculatorDemo1UITests;
				PRODUCT_NAME = "$(TARGET_NAME)";
				SWIFT_VERSION = 4.2;
				TARGETED_DEVICE_FAMILY = "1,2";
				TEST_TARGET_NAME = CalculatorDemo1;
			};
			name = Release;
		};
/* End XCBuildConfiguration section */

/* Begin XCConfigurationList section */
		48505B0421F84703000FFA5F /* Build configuration list for PBXProject "CalculatorDemo1" */ = {
			isa = XCConfigurationList;
			buildConfigurations = (
				48505B2F21F84704000FFA5F /* Debug */,
				48505B3021F84704000FFA5F /* Release */,
			);
			defaultConfigurationIsVisible = 0;
			defaultConfigurationName = Release;
		};
		48505B3121F84704000FFA5F /* Build configuration list for PBXNativeTarget "CalculatorDemo1" */ = {
			isa = XCConfigurationList;
			buildConfigurations = (
				48505B3221F84704000FFA5F /* Debug */,
				48505B3321F84704000FFA5F /* Release */,
			);
			defaultConfigurationIsVisible = 0;
			defaultConfigurationName = Release;
		};
		48505B3421F84704000FFA5F /* Build configuration list for PBXNativeTarget "CalculatorDemo1Tests" */ = {
			isa = XCConfigurationList;
			buildConfigurations = (
				48505B3521F84704000FFA5F /* Debug */,
				48505B3621F84704000FFA5F /* Release */,
			);
			defaultConfigurationIsVisible = 0;
			defaultConfigurationName = Release;
		};
		48505B3721F84704000FFA5F /* Build configuration list for PBXNativeTarget "CalculatorDemo1UITests" */ = {
			isa = XCConfigurationList;
			buildConfigurations = (
				48505B3821F84704000FFA5F /* Debug */,
				48505B3921F84704000FFA5F /* Release */,
			);
			defaultConfigurationIsVisible = 0;
			defaultConfigurationName = Release;
		};
/* End XCConfigurationList section */
	};
	rootObject = 48505B0121F84703000FFA5F /* Project object */;
}
